
Microsoft Visual Studio Solution File, Format Version 12.00
# Visual Studio 15
VisualStudioVersion = 15.0.28307.329
MinimumVisualStudioVersion = 10.0.40219.1
Project("{FAE04EC0-301F-11D3-BF4B-00C04F79EFBC}") = "my_car", "my_car\my_car.csproj", "{D6248C2A-0CD8-4445-98C6-8B06968EDC5B}"
EndProject
Global
	GlobalSection(SolutionConfigurationPlatforms) = preSolution
		Debug|Any CPU = Debug|Any CPU
		Release|Any CPU = Release|Any CPU
	EndGlobalSection
	GlobalSection(ProjectConfigurationPlatforms) = postSolution
		{D6248C2A-0CD8-4445-98C6-8B06968EDC5B}.Debug|Any CPU.ActiveCfg = Debug|Any CPU
		{D6248C2A-0CD8-4445-98C6-8B06968EDC5B}.Debug|Any CPU.Build.0 = Debug|Any CPU
		{D6248C2A-0CD8-4445-98C6-8B06968EDC5B}.Release|Any CPU.ActiveCfg = Release|Any CPU
		{D6248C2A-0CD8-4445-98C6-8B06968EDC5B}.Release|Any CPU.Build.0 = Release|Any CPU
	EndGlobalSection
	GlobalSection(SolutionProperties) = preSolution
		HideSolutionNode = FALSE
	EndGlobalSection
	GlobalSection(ExtensibilityGlobals) = postSolution
		SolutionGuid = {F7EB0466-8E3E-4280-B687-9DAA0036269A}
	EndGlobalSection
EndGlobal
